// !$*UTF8*$!
{
	archiveVersion = 1;
	classes = {
	};
	objectVersion = 56;
	objects = {

/* Begin PBXBuildFile section */
		5A317C0929B5F92200788F2D /* PortfolioContainer.xcdatamodeld in Sources */ = {isa = PBXBuildFile; fileRef = 5A317C0729B5F92200788F2D /* PortfolioContainer.xcdatamodeld */; };
		5A317C0B29B5F99900788F2D /* PortfolioDataService.swift in Sources */ = {isa = PBXBuildFile; fileRef = 5A317C0A29B5F99900788F2D /* PortfolioDataService.swift */; };
		5A4BD84E29B8D53B00B6818C /* CoinDetail.swift in Sources */ = {isa = PBXBuildFile; fileRef = 5A4BD84D29B8D53B00B6818C /* CoinDetail.swift */; };
		5A4BD85029B8F93A00B6818C /* CoinDetailDataService.swift in Sources */ = {isa = PBXBuildFile; fileRef = 5A4BD84F29B8F93A00B6818C /* CoinDetailDataService.swift */; };
		5A4BD85229B8FB6E00B6818C /* DetailViewModel.swift in Sources */ = {isa = PBXBuildFile; fileRef = 5A4BD85129B8FB6E00B6818C /* DetailViewModel.swift */; };
		5A7A67A629B7557300085DA8 /* HapticManager.swift in Sources */ = {isa = PBXBuildFile; fileRef = 5A7A67A529B7557300085DA8 /* HapticManager.swift */; };
		5A7A67AB29B7893E00085DA8 /* DetailView.swift in Sources */ = {isa = PBXBuildFile; fileRef = 5A7A67AA29B7893E00085DA8 /* DetailView.swift */; };
		5A7A67AD29B7953C00085DA8 /* NavigationLazyView.swift in Sources */ = {isa = PBXBuildFile; fileRef = 5A7A67AC29B7953C00085DA8 /* NavigationLazyView.swift */; };
		5A7ED7E529B25AE0007C6539 /* HomeViewModel.swift in Sources */ = {isa = PBXBuildFile; fileRef = 5A7ED7E429B25AE0007C6539 /* HomeViewModel.swift */; };
		5A7ED7E829B28440007C6539 /* CoinDataService.swift in Sources */ = {isa = PBXBuildFile; fileRef = 5A7ED7E729B28440007C6539 /* CoinDataService.swift */; };
		5A7ED7EB29B2DB1B007C6539 /* NetworkingManager.swift in Sources */ = {isa = PBXBuildFile; fileRef = 5A7ED7EA29B2DB1B007C6539 /* NetworkingManager.swift */; };
		5A7ED7EE29B2EE38007C6539 /* CoinImageView.swift in Sources */ = {isa = PBXBuildFile; fileRef = 5A7ED7ED29B2EE38007C6539 /* CoinImageView.swift */; };
		5A7ED7F029B2F070007C6539 /* CoinImageService.swift in Sources */ = {isa = PBXBuildFile; fileRef = 5A7ED7EF29B2F070007C6539 /* CoinImageService.swift */; };
		5A7ED7F229B2F205007C6539 /* CoinImageViewModel.swift in Sources */ = {isa = PBXBuildFile; fileRef = 5A7ED7F129B2F205007C6539 /* CoinImageViewModel.swift */; };
		5A7ED7F429B35079007C6539 /* Logger.swift in Sources */ = {isa = PBXBuildFile; fileRef = 5A7ED7F329B35079007C6539 /* Logger.swift */; };
		5A7ED7F629B35CCA007C6539 /* LocalFileManager.swift in Sources */ = {isa = PBXBuildFile; fileRef = 5A7ED7F529B35CCA007C6539 /* LocalFileManager.swift */; };
		5A7ED7F829B3AA4E007C6539 /* SearchBarView.swift in Sources */ = {isa = PBXBuildFile; fileRef = 5A7ED7F729B3AA4E007C6539 /* SearchBarView.swift */; };
		5A7ED7FA29B3B061007C6539 /* UIApplication.swift in Sources */ = {isa = PBXBuildFile; fileRef = 5A7ED7F929B3B061007C6539 /* UIApplication.swift */; };
		5A7ED7FC29B43EC7007C6539 /* StatisticModel.swift in Sources */ = {isa = PBXBuildFile; fileRef = 5A7ED7FB29B43EC7007C6539 /* StatisticModel.swift */; };
		5A7ED7FE29B43F0D007C6539 /* StatisticView.swift in Sources */ = {isa = PBXBuildFile; fileRef = 5A7ED7FD29B43F0D007C6539 /* StatisticView.swift */; };
		5A7ED80029B44186007C6539 /* HomeStatsView.swift in Sources */ = {isa = PBXBuildFile; fileRef = 5A7ED7FF29B44186007C6539 /* HomeStatsView.swift */; };
		5A7ED80229B4558C007C6539 /* MarketDataModel.swift in Sources */ = {isa = PBXBuildFile; fileRef = 5A7ED80129B4558C007C6539 /* MarketDataModel.swift */; };
		5A7ED80429B49EED007C6539 /* MarketDataServicel.swift in Sources */ = {isa = PBXBuildFile; fileRef = 5A7ED80329B49EED007C6539 /* MarketDataServicel.swift */; };
		5A7ED80629B4F629007C6539 /* PortfolioView.swift in Sources */ = {isa = PBXBuildFile; fileRef = 5A7ED80529B4F629007C6539 /* PortfolioView.swift */; };
		5A7ED80829B4F6E1007C6539 /* XMarkButton.swift in Sources */ = {isa = PBXBuildFile; fileRef = 5A7ED80729B4F6E1007C6539 /* XMarkButton.swift */; };
		5A7ED80A29B4FA9C007C6539 /* CoinLogoView.swift in Sources */ = {isa = PBXBuildFile; fileRef = 5A7ED80929B4FA9C007C6539 /* CoinLogoView.swift */; };
		5A873E1B29BAB63F00ED9B70 /* String.swift in Sources */ = {isa = PBXBuildFile; fileRef = 5A873E1A29BAB63F00ED9B70 /* String.swift */; };
		5A8F2F2129BC236A00A19F84 /* InfomationView.swift in Sources */ = {isa = PBXBuildFile; fileRef = 5A8F2F2029BC236A00A19F84 /* InfomationView.swift */; };
		5A8F2F2529BC68F100A19F84 /* LaunchScreen.storyboard in Resources */ = {isa = PBXBuildFile; fileRef = 5A8F2F2429BC68F100A19F84 /* LaunchScreen.storyboard */; };
		5A8F2F2729BC6A0000A19F84 /* LaunchView.swift in Sources */ = {isa = PBXBuildFile; fileRef = 5A8F2F2629BC6A0000A19F84 /* LaunchView.swift */; };
		5AC7E60729BA351F002AFEA4 /* ChartView.swift in Sources */ = {isa = PBXBuildFile; fileRef = 5AC7E60629BA351F002AFEA4 /* ChartView.swift */; };
		5AC7E60929BA46A5002AFEA4 /* Date.swift in Sources */ = {isa = PBXBuildFile; fileRef = 5AC7E60829BA46A4002AFEA4 /* Date.swift */; };
		5ACABD1529AF8FEC006D7A1B /* Crypto_AppApp.swift in Sources */ = {isa = PBXBuildFile; fileRef = 5ACABD1429AF8FEC006D7A1B /* Crypto_AppApp.swift */; };
		5ACABD1C29AF8FED006D7A1B /* Preview Assets.xcassets in Resources */ = {isa = PBXBuildFile; fileRef = 5ACABD1B29AF8FED006D7A1B /* Preview Assets.xcassets */; };
		5ACABD2329AF917A006D7A1B /* Assets.xcassets in Resources */ = {isa = PBXBuildFile; fileRef = 5ACABD2229AF9179006D7A1B /* Assets.xcassets */; };
		5ACABD2629B005EE006D7A1B /* Color.swift in Sources */ = {isa = PBXBuildFile; fileRef = 5ACABD2529B005EE006D7A1B /* Color.swift */; };
		5ACABD2E29B00791006D7A1B /* HomeView.swift in Sources */ = {isa = PBXBuildFile; fileRef = 5ACABD2D29B00791006D7A1B /* HomeView.swift */; };
		5ACABD3229B00982006D7A1B /* CircleButtonView.swift in Sources */ = {isa = PBXBuildFile; fileRef = 5ACABD3129B00982006D7A1B /* CircleButtonView.swift */; };
		5ACABD3429B01244006D7A1B /* CircleButtonAnimationView.swift in Sources */ = {isa = PBXBuildFile; fileRef = 5ACABD3329B01244006D7A1B /* CircleButtonAnimationView.swift */; };
		5ACABD3729B02189006D7A1B /* Coin.swift in Sources */ = {isa = PBXBuildFile; fileRef = 5ACABD3629B02189006D7A1B /* Coin.swift */; };
		5ACABD3929B02B08006D7A1B /* PreviewProvider.swift in Sources */ = {isa = PBXBuildFile; fileRef = 5ACABD3829B02B08006D7A1B /* PreviewProvider.swift */; };
		5ACABD3B29B02C25006D7A1B /* CoinRowView.swift in Sources */ = {isa = PBXBuildFile; fileRef = 5ACABD3A29B02C25006D7A1B /* CoinRowView.swift */; };
		5ACABD3D29B02E28006D7A1B /* Double.swift in Sources */ = {isa = PBXBuildFile; fileRef = 5ACABD3C29B02E28006D7A1B /* Double.swift */; };
/* End PBXBuildFile section */

/* Begin PBXFileReference section */
		5A317C0829B5F92200788F2D /* PortfolioContainer.xcdatamodel */ = {isa = PBXFileReference; lastKnownFileType = wrapper.xcdatamodel; path = PortfolioContainer.xcdatamodel; sourceTree = "<group>"; };
		5A317C0A29B5F99900788F2D /* PortfolioDataService.swift */ = {isa = PBXFileReference; lastKnownFileType = sourcecode.swift; path = PortfolioDataService.swift; sourceTree = "<group>"; };
		5A4BD84D29B8D53B00B6818C /* CoinDetail.swift */ = {isa = PBXFileReference; lastKnownFileType = sourcecode.swift; path = CoinDetail.swift; sourceTree = "<group>"; };
		5A4BD84F29B8F93A00B6818C /* CoinDetailDataService.swift */ = {isa = PBXFileReference; lastKnownFileType = sourcecode.swift; path = CoinDetailDataService.swift; sourceTree = "<group>"; };
		5A4BD85129B8FB6E00B6818C /* DetailViewModel.swift */ = {isa = PBXFileReference; lastKnownFileType = sourcecode.swift; path = DetailViewModel.swift; sourceTree = "<group>"; };
		5A7A67A529B7557300085DA8 /* HapticManager.swift */ = {isa = PBXFileReference; lastKnownFileType = sourcecode.swift; path = HapticManager.swift; sourceTree = "<group>"; };
		5A7A67AA29B7893E00085DA8 /* DetailView.swift */ = {isa = PBXFileReference; lastKnownFileType = sourcecode.swift; path = DetailView.swift; sourceTree = "<group>"; };
		5A7A67AC29B7953C00085DA8 /* NavigationLazyView.swift */ = {isa = PBXFileReference; lastKnownFileType = sourcecode.swift; path = NavigationLazyView.swift; sourceTree = "<group>"; };
		5A7ED7E429B25AE0007C6539 /* HomeViewModel.swift */ = {isa = PBXFileReference; lastKnownFileType = sourcecode.swift; path = HomeViewModel.swift; sourceTree = "<group>"; };
		5A7ED7E729B28440007C6539 /* CoinDataService.swift */ = {isa = PBXFileReference; lastKnownFileType = sourcecode.swift; path = CoinDataService.swift; sourceTree = "<group>"; };
		5A7ED7EA29B2DB1B007C6539 /* NetworkingManager.swift */ = {isa = PBXFileReference; lastKnownFileType = sourcecode.swift; path = NetworkingManager.swift; sourceTree = "<group>"; };
		5A7ED7ED29B2EE38007C6539 /* CoinImageView.swift */ = {isa = PBXFileReference; lastKnownFileType = sourcecode.swift; path = CoinImageView.swift; sourceTree = "<group>"; };
		5A7ED7EF29B2F070007C6539 /* CoinImageService.swift */ = {isa = PBXFileReference; lastKnownFileType = sourcecode.swift; path = CoinImageService.swift; sourceTree = "<group>"; };
		5A7ED7F129B2F205007C6539 /* CoinImageViewModel.swift */ = {isa = PBXFileReference; lastKnownFileType = sourcecode.swift; path = CoinImageViewModel.swift; sourceTree = "<group>"; };
		5A7ED7F329B35079007C6539 /* Logger.swift */ = {isa = PBXFileReference; lastKnownFileType = sourcecode.swift; path = Logger.swift; sourceTree = "<group>"; };
		5A7ED7F529B35CCA007C6539 /* LocalFileManager.swift */ = {isa = PBXFileReference; lastKnownFileType = sourcecode.swift; path = LocalFileManager.swift; sourceTree = "<group>"; };
		5A7ED7F729B3AA4E007C6539 /* SearchBarView.swift */ = {isa = PBXFileReference; lastKnownFileType = sourcecode.swift; path = SearchBarView.swift; sourceTree = "<group>"; };
		5A7ED7F929B3B061007C6539 /* UIApplication.swift */ = {isa = PBXFileReference; lastKnownFileType = sourcecode.swift; path = UIApplication.swift; sourceTree = "<group>"; };
		5A7ED7FB29B43EC7007C6539 /* StatisticModel.swift */ = {isa = PBXFileReference; lastKnownFileType = sourcecode.swift; path = StatisticModel.swift; sourceTree = "<group>"; };
		5A7ED7FD29B43F0D007C6539 /* StatisticView.swift */ = {isa = PBXFileReference; lastKnownFileType = sourcecode.swift; path = StatisticView.swift; sourceTree = "<group>"; };
		5A7ED7FF29B44186007C6539 /* HomeStatsView.swift */ = {isa = PBXFileReference; lastKnownFileType = sourcecode.swift; path = HomeStatsView.swift; sourceTree = "<group>"; };
		5A7ED80129B4558C007C6539 /* MarketDataModel.swift */ = {isa = PBXFileReference; lastKnownFileType = sourcecode.swift; path = MarketDataModel.swift; sourceTree = "<group>"; };
		5A7ED80329B49EED007C6539 /* MarketDataServicel.swift */ = {isa = PBXFileReference; lastKnownFileType = sourcecode.swift; path = MarketDataServicel.swift; sourceTree = "<group>"; };
		5A7ED80529B4F629007C6539 /* PortfolioView.swift */ = {isa = PBXFileReference; lastKnownFileType = sourcecode.swift; path = PortfolioView.swift; sourceTree = "<group>"; };
		5A7ED80729B4F6E1007C6539 /* XMarkButton.swift */ = {isa = PBXFileReference; lastKnownFileType = sourcecode.swift; path = XMarkButton.swift; sourceTree = "<group>"; };
		5A7ED80929B4FA9C007C6539 /* CoinLogoView.swift */ = {isa = PBXFileReference; lastKnownFileType = sourcecode.swift; path = CoinLogoView.swift; sourceTree = "<group>"; };
		5A873E1A29BAB63F00ED9B70 /* String.swift */ = {isa = PBXFileReference; lastKnownFileType = sourcecode.swift; path = String.swift; sourceTree = "<group>"; };
		5A8F2F2029BC236A00A19F84 /* InfomationView.swift */ = {isa = PBXFileReference; lastKnownFileType = sourcecode.swift; path = InfomationView.swift; sourceTree = "<group>"; };
		5A8F2F2429BC68F100A19F84 /* LaunchScreen.storyboard */ = {isa = PBXFileReference; lastKnownFileType = file.storyboard; path = LaunchScreen.storyboard; sourceTree = "<group>"; };
		5A8F2F2629BC6A0000A19F84 /* LaunchView.swift */ = {isa = PBXFileReference; lastKnownFileType = sourcecode.swift; path = LaunchView.swift; sourceTree = "<group>"; };
		5AC7E60629BA351F002AFEA4 /* ChartView.swift */ = {isa = PBXFileReference; lastKnownFileType = sourcecode.swift; path = ChartView.swift; sourceTree = "<group>"; };
		5AC7E60829BA46A4002AFEA4 /* Date.swift */ = {isa = PBXFileReference; lastKnownFileType = sourcecode.swift; path = Date.swift; sourceTree = "<group>"; };
		5ACABD1129AF8FEC006D7A1B /* Crypto App.app */ = {isa = PBXFileReference; explicitFileType = wrapper.application; includeInIndex = 0; path = "Crypto App.app"; sourceTree = BUILT_PRODUCTS_DIR; };
		5ACABD1429AF8FEC006D7A1B /* Crypto_AppApp.swift */ = {isa = PBXFileReference; lastKnownFileType = sourcecode.swift; path = Crypto_AppApp.swift; sourceTree = "<group>"; };
		5ACABD1B29AF8FED006D7A1B /* Preview Assets.xcassets */ = {isa = PBXFileReference; lastKnownFileType = folder.assetcatalog; path = "Preview Assets.xcassets"; sourceTree = "<group>"; };
		5ACABD2229AF9179006D7A1B /* Assets.xcassets */ = {isa = PBXFileReference; lastKnownFileType = folder.assetcatalog; name = Assets.xcassets; path = ../../../../Resources/Assets.xcassets; sourceTree = "<group>"; };
		5ACABD2529B005EE006D7A1B /* Color.swift */ = {isa = PBXFileReference; lastKnownFileType = sourcecode.swift; path = Color.swift; sourceTree = "<group>"; };
		5ACABD2D29B00791006D7A1B /* HomeView.swift */ = {isa = PBXFileReference; lastKnownFileType = sourcecode.swift; path = HomeView.swift; sourceTree = "<group>"; };
		5ACABD3129B00982006D7A1B /* CircleButtonView.swift */ = {isa = PBXFileReference; lastKnownFileType = sourcecode.swift; path = CircleButtonView.swift; sourceTree = "<group>"; };
		5ACABD3329B01244006D7A1B /* CircleButtonAnimationView.swift */ = {isa = PBXFileReference; lastKnownFileType = sourcecode.swift; path = CircleButtonAnimationView.swift; sourceTree = "<group>"; };
		5ACABD3629B02189006D7A1B /* Coin.swift */ = {isa = PBXFileReference; lastKnownFileType = sourcecode.swift; path = Coin.swift; sourceTree = "<group>"; };
		5ACABD3829B02B08006D7A1B /* PreviewProvider.swift */ = {isa = PBXFileReference; lastKnownFileType = sourcecode.swift; path = PreviewProvider.swift; sourceTree = "<group>"; };
		5ACABD3A29B02C25006D7A1B /* CoinRowView.swift */ = {isa = PBXFileReference; lastKnownFileType = sourcecode.swift; path = CoinRowView.swift; sourceTree = "<group>"; };
		5ACABD3C29B02E28006D7A1B /* Double.swift */ = {isa = PBXFileReference; lastKnownFileType = sourcecode.swift; path = Double.swift; sourceTree = "<group>"; };
/* End PBXFileReference section */

/* Begin PBXFrameworksBuildPhase section */
		5ACABD0E29AF8FEC006D7A1B /* Frameworks */ = {
			isa = PBXFrameworksBuildPhase;
			buildActionMask = 2147483647;
			files = (
			);
			runOnlyForDeploymentPostprocessing = 0;
		};
/* End PBXFrameworksBuildPhase section */

/* Begin PBXGroup section */
		5A7A67A729B788AC00085DA8 /* Detail */ = {
			isa = PBXGroup;
			children = (
				5A7A67A829B788D300085DA8 /* ViewModels */,
				5A7A67A929B788E600085DA8 /* Views */,
			);
			path = Detail;
			sourceTree = "<group>";
		};
		5A7A67A829B788D300085DA8 /* ViewModels */ = {
			isa = PBXGroup;
			children = (
				5A4BD85129B8FB6E00B6818C /* DetailViewModel.swift */,
			);
			path = ViewModels;
			sourceTree = "<group>";
		};
		5A7A67A929B788E600085DA8 /* Views */ = {
			isa = PBXGroup;
			children = (
				5A7A67AA29B7893E00085DA8 /* DetailView.swift */,
				5AC7E60629BA351F002AFEA4 /* ChartView.swift */,
			);
			path = Views;
			sourceTree = "<group>";
		};
		5A7ED7E629B28429007C6539 /* Services */ = {
			isa = PBXGroup;
			children = (
				5A7ED7E729B28440007C6539 /* CoinDataService.swift */,
				5A317C0A29B5F99900788F2D /* PortfolioDataService.swift */,
				5A4BD84F29B8F93A00B6818C /* CoinDetailDataService.swift */,
				5A7ED80329B49EED007C6539 /* MarketDataServicel.swift */,
				5A7ED7EF29B2F070007C6539 /* CoinImageService.swift */,
			);
			path = Services;
			sourceTree = "<group>";
		};
		5A7ED7E929B2DB08007C6539 /* Ultilities */ = {
			isa = PBXGroup;
			children = (
				5A7ED7EA29B2DB1B007C6539 /* NetworkingManager.swift */,
				5A7A67A529B7557300085DA8 /* HapticManager.swift */,
				5A7ED7F329B35079007C6539 /* Logger.swift */,
				5A7ED7F529B35CCA007C6539 /* LocalFileManager.swift */,
			);
			path = Ultilities;
			sourceTree = "<group>";
		};
		5A7ED7EC29B2EE29007C6539 /* CoinImage */ = {
			isa = PBXGroup;
			children = (
				5A7ED7ED29B2EE38007C6539 /* CoinImageView.swift */,
				5A7ED7F129B2F205007C6539 /* CoinImageViewModel.swift */,
				5A7ED80929B4FA9C007C6539 /* CoinLogoView.swift */,
			);
			path = CoinImage;
			sourceTree = "<group>";
		};
		5A8F2F1E29BC234A00A19F84 /* Information */ = {
			isa = PBXGroup;
			children = (
				5A8F2F1F29BC235C00A19F84 /* Views */,
			);
			path = Information;
			sourceTree = "<group>";
		};
		5A8F2F1F29BC235C00A19F84 /* Views */ = {
			isa = PBXGroup;
			children = (
				5A8F2F2029BC236A00A19F84 /* InfomationView.swift */,
			);
			path = Views;
			sourceTree = "<group>";
		};
		5A8F2F2229BC68D500A19F84 /* Launch */ = {
			isa = PBXGroup;
			children = (
				5A8F2F2329BC68E000A19F84 /* Views */,
			);
			path = Launch;
			sourceTree = "<group>";
		};
		5A8F2F2329BC68E000A19F84 /* Views */ = {
			isa = PBXGroup;
			children = (
				5A8F2F2429BC68F100A19F84 /* LaunchScreen.storyboard */,
				5A8F2F2629BC6A0000A19F84 /* LaunchView.swift */,
			);
			path = Views;
			sourceTree = "<group>";
		};
		5ACABD0829AF8FEC006D7A1B = {
			isa = PBXGroup;
			children = (
				5ACABD1329AF8FEC006D7A1B /* Crypto App */,
				5ACABD1229AF8FEC006D7A1B /* Products */,
			);
			sourceTree = "<group>";
		};
		5ACABD1229AF8FEC006D7A1B /* Products */ = {
			isa = PBXGroup;
			children = (
				5ACABD1129AF8FEC006D7A1B /* Crypto App.app */,
			);
			name = Products;
			sourceTree = "<group>";
		};
		5ACABD1329AF8FEC006D7A1B /* Crypto App */ = {
			isa = PBXGroup;
			children = (
				5ACABD1429AF8FEC006D7A1B /* Crypto_AppApp.swift */,
				5A7ED7E929B2DB08007C6539 /* Ultilities */,
				5ACABD2429B005E0006D7A1B /* Extentions */,
				5A7ED7E629B28429007C6539 /* Services */,
				5ACABD3529B02172006D7A1B /* Models */,
				5ACABD2729B0073D006D7A1B /* Core */,
				5ACABD2229AF9179006D7A1B /* Assets.xcassets */,
				5ACABD1A29AF8FED006D7A1B /* Preview Content */,
			);
			path = "Crypto App";
			sourceTree = "<group>";
		};
		5ACABD1A29AF8FED006D7A1B /* Preview Content */ = {
			isa = PBXGroup;
			children = (
				5ACABD1B29AF8FED006D7A1B /* Preview Assets.xcassets */,
			);
			path = "Preview Content";
			sourceTree = "<group>";
		};
		5ACABD2429B005E0006D7A1B /* Extentions */ = {
			isa = PBXGroup;
			children = (
				5ACABD2529B005EE006D7A1B /* Color.swift */,
				5ACABD3829B02B08006D7A1B /* PreviewProvider.swift */,
				5ACABD3C29B02E28006D7A1B /* Double.swift */,
				5A7ED7F929B3B061007C6539 /* UIApplication.swift */,
				5A7A67AC29B7953C00085DA8 /* NavigationLazyView.swift */,
				5AC7E60829BA46A4002AFEA4 /* Date.swift */,
				5A873E1A29BAB63F00ED9B70 /* String.swift */,
			);
			path = Extentions;
			sourceTree = "<group>";
		};
		5ACABD2729B0073D006D7A1B /* Core */ = {
			isa = PBXGroup;
			children = (
				5A8F2F2229BC68D500A19F84 /* Launch */,
				5ACABD2F29B00940006D7A1B /* Components */,
				5ACABD2829B0074E006D7A1B /* Home */,
				5A7A67A729B788AC00085DA8 /* Detail */,
				5A8F2F1E29BC234A00A19F84 /* Information */,
			);
			path = Core;
			sourceTree = "<group>";
		};
		5ACABD2829B0074E006D7A1B /* Home */ = {
			isa = PBXGroup;
			children = (
				5ACABD2A29B00769006D7A1B /* ViewModels */,
				5ACABD2929B00763006D7A1B /* Views */,
			);
			path = Home;
			sourceTree = "<group>";
		};
		5ACABD2929B00763006D7A1B /* Views */ = {
			isa = PBXGroup;
			children = (
				5ACABD2D29B00791006D7A1B /* HomeView.swift */,
				5A7ED7FF29B44186007C6539 /* HomeStatsView.swift */,
				5ACABD3A29B02C25006D7A1B /* CoinRowView.swift */,
				5A7ED80529B4F629007C6539 /* PortfolioView.swift */,
			);
			path = Views;
			sourceTree = "<group>";
		};
		5ACABD2A29B00769006D7A1B /* ViewModels */ = {
			isa = PBXGroup;
			children = (
				5A7ED7E429B25AE0007C6539 /* HomeViewModel.swift */,
			);
			path = ViewModels;
			sourceTree = "<group>";
		};
		5ACABD2F29B00940006D7A1B /* Components */ = {
			isa = PBXGroup;
			children = (
				5A7ED7EC29B2EE29007C6539 /* CoinImage */,
				5ACABD3029B00971006D7A1B /* CircleButton */,
				5A7ED7F729B3AA4E007C6539 /* SearchBarView.swift */,
				5A7ED7FD29B43F0D007C6539 /* StatisticView.swift */,
				5A7ED80729B4F6E1007C6539 /* XMarkButton.swift */,
			);
			path = Components;
			sourceTree = "<group>";
		};
		5ACABD3029B00971006D7A1B /* CircleButton */ = {
			isa = PBXGroup;
			children = (
				5ACABD3129B00982006D7A1B /* CircleButtonView.swift */,
				5ACABD3329B01244006D7A1B /* CircleButtonAnimationView.swift */,
			);
			path = CircleButton;
			sourceTree = "<group>";
		};
		5ACABD3529B02172006D7A1B /* Models */ = {
			isa = PBXGroup;
			children = (
				5ACABD3629B02189006D7A1B /* Coin.swift */,
				5A4BD84D29B8D53B00B6818C /* CoinDetail.swift */,
				5A7ED80129B4558C007C6539 /* MarketDataModel.swift */,
				5A7ED7FB29B43EC7007C6539 /* StatisticModel.swift */,
				5A317C0729B5F92200788F2D /* PortfolioContainer.xcdatamodeld */,
			);
			path = Models;
			sourceTree = "<group>";
		};
/* End PBXGroup section */

/* Begin PBXNativeTarget section */
		5ACABD1029AF8FEC006D7A1B /* Crypto App */ = {
			isa = PBXNativeTarget;
			buildConfigurationList = 5ACABD1F29AF8FED006D7A1B /* Build configuration list for PBXNativeTarget "Crypto App" */;
			buildPhases = (
				5ACABD0D29AF8FEC006D7A1B /* Sources */,
				5ACABD0E29AF8FEC006D7A1B /* Frameworks */,
				5ACABD0F29AF8FEC006D7A1B /* Resources */,
			);
			buildRules = (
			);
			dependencies = (
			);
			name = "Crypto App";
			productName = "Crypto App";
			productReference = 5ACABD1129AF8FEC006D7A1B /* Crypto App.app */;
			productType = "com.apple.product-type.application";
		};
/* End PBXNativeTarget section */

/* Begin PBXProject section */
		5ACABD0929AF8FEC006D7A1B /* Project object */ = {
			isa = PBXProject;
			attributes = {
				BuildIndependentTargetsInParallel = 1;
				LastSwiftUpdateCheck = 1410;
				LastUpgradeCheck = 1410;
				TargetAttributes = {
					5ACABD1029AF8FEC006D7A1B = {
						CreatedOnToolsVersion = 14.1;
					};
				};
			};
			buildConfigurationList = 5ACABD0C29AF8FEC006D7A1B /* Build configuration list for PBXProject "Crypto App" */;
			compatibilityVersion = "Xcode 14.0";
			developmentRegion = en;
			hasScannedForEncodings = 0;
			knownRegions = (
				en,
				Base,
			);
			mainGroup = 5ACABD0829AF8FEC006D7A1B;
			productRefGroup = 5ACABD1229AF8FEC006D7A1B /* Products */;
			projectDirPath = "";
			projectRoot = "";
			targets = (
				5ACABD1029AF8FEC006D7A1B /* Crypto App */,
			);
		};
/* End PBXProject section */

/* Begin PBXResourcesBuildPhase section */
		5ACABD0F29AF8FEC006D7A1B /* Resources */ = {
			isa = PBXResourcesBuildPhase;
			buildActionMask = 2147483647;
			files = (
				5A8F2F2529BC68F100A19F84 /* LaunchScreen.storyboard in Resources */,
				5ACABD1C29AF8FED006D7A1B /* Preview Assets.xcassets in Resources */,
				5ACABD2329AF917A006D7A1B /* Assets.xcassets in Resources */,
			);
			runOnlyForDeploymentPostprocessing = 0;
		};
/* End PBXResourcesBuildPhase section */

/* Begin PBXSourcesBuildPhase section */
		5ACABD0D29AF8FEC006D7A1B /* Sources */ = {
			isa = PBXSourcesBuildPhase;
			buildActionMask = 2147483647;
			files = (
				5A873E1B29BAB63F00ED9B70 /* String.swift in Sources */,
				5A8F2F2729BC6A0000A19F84 /* LaunchView.swift in Sources */,
				5A317C0929B5F92200788F2D /* PortfolioContainer.xcdatamodeld in Sources */,
				5A7ED7FC29B43EC7007C6539 /* StatisticModel.swift in Sources */,
				5A7ED7F229B2F205007C6539 /* CoinImageViewModel.swift in Sources */,
				5A7ED7EE29B2EE38007C6539 /* CoinImageView.swift in Sources */,
				5A7ED80829B4F6E1007C6539 /* XMarkButton.swift in Sources */,
				5ACABD3B29B02C25006D7A1B /* CoinRowView.swift in Sources */,
				5ACABD3729B02189006D7A1B /* Coin.swift in Sources */,
				5A7ED7F629B35CCA007C6539 /* LocalFileManager.swift in Sources */,
				5A7ED80229B4558C007C6539 /* MarketDataModel.swift in Sources */,
				5A7ED80429B49EED007C6539 /* MarketDataServicel.swift in Sources */,
				5ACABD2E29B00791006D7A1B /* HomeView.swift in Sources */,
				5A7ED7FE29B43F0D007C6539 /* StatisticView.swift in Sources */,
				5A7ED7E529B25AE0007C6539 /* HomeViewModel.swift in Sources */,
				5ACABD1529AF8FEC006D7A1B /* Crypto_AppApp.swift in Sources */,
				5A7ED7FA29B3B061007C6539 /* UIApplication.swift in Sources */,
				5A7ED7F429B35079007C6539 /* Logger.swift in Sources */,
				5A7A67AB29B7893E00085DA8 /* DetailView.swift in Sources */,
				5A7A67A629B7557300085DA8 /* HapticManager.swift in Sources */,
				5ACABD3429B01244006D7A1B /* CircleButtonAnimationView.swift in Sources */,
				5A7ED7F829B3AA4E007C6539 /* SearchBarView.swift in Sources */,
				5A8F2F2129BC236A00A19F84 /* InfomationView.swift in Sources */,
				5A7ED80A29B4FA9C007C6539 /* CoinLogoView.swift in Sources */,
				5ACABD3229B00982006D7A1B /* CircleButtonView.swift in Sources */,
				5A7ED80029B44186007C6539 /* HomeStatsView.swift in Sources */,
				5AC7E60729BA351F002AFEA4 /* ChartView.swift in Sources */,
				5A4BD85229B8FB6E00B6818C /* DetailViewModel.swift in Sources */,
				5ACABD3929B02B08006D7A1B /* PreviewProvider.swift in Sources */,
				5ACABD3D29B02E28006D7A1B /* Double.swift in Sources */,
				5A7ED7EB29B2DB1B007C6539 /* NetworkingManager.swift in Sources */,
				5A7ED80629B4F629007C6539 /* PortfolioView.swift in Sources */,
				5ACABD2629B005EE006D7A1B /* Color.swift in Sources */,
				5A4BD84E29B8D53B00B6818C /* CoinDetail.swift in Sources */,
				5AC7E60929BA46A5002AFEA4 /* Date.swift in Sources */,
				5A7ED7F029B2F070007C6539 /* CoinImageService.swift in Sources */,
				5A7ED7E829B28440007C6539 /* CoinDataService.swift in Sources */,
				5A4BD85029B8F93A00B6818C /* CoinDetailDataService.swift in Sources */,
				5A7A67AD29B7953C00085DA8 /* NavigationLazyView.swift in Sources */,
				5A317C0B29B5F99900788F2D /* PortfolioDataService.swift in Sources */,
			);
			runOnlyForDeploymentPostprocessing = 0;
		};
/* End PBXSourcesBuildPhase section */

/* Begin XCBuildConfiguration section */
		5ACABD1D29AF8FED006D7A1B /* Debug */ = {
			isa = XCBuildConfiguration;
			buildSettings = {
				ALWAYS_SEARCH_USER_PATHS = NO;
				CLANG_ANALYZER_NONNULL = YES;
				CLANG_ANALYZER_NUMBER_OBJECT_CONVERSION = YES_AGGRESSIVE;
				CLANG_CXX_LANGUAGE_STANDARD = "gnu++20";
				CLANG_ENABLE_MODULES = YES;
				CLANG_ENABLE_OBJC_ARC = YES;
				CLANG_ENABLE_OBJC_WEAK = YES;
				CLANG_WARN_BLOCK_CAPTURE_AUTORELEASING = YES;
				CLANG_WARN_BOOL_CONVERSION = YES;
				CLANG_WARN_COMMA = YES;
				CLANG_WARN_CONSTANT_CONVERSION = YES;
				CLANG_WARN_DEPRECATED_OBJC_IMPLEMENTATIONS = YES;
				CLANG_WARN_DIRECT_OBJC_ISA_USAGE = YES_ERROR;
				CLANG_WARN_DOCUMENTATION_COMMENTS = YES;
				CLANG_WARN_EMPTY_BODY = YES;
				CLANG_WARN_ENUM_CONVERSION = YES;
				CLANG_WARN_INFINITE_RECURSION = YES;
				CLANG_WARN_INT_CONVERSION = YES;
				CLANG_WARN_NON_LITERAL_NULL_CONVERSION = YES;
				CLANG_WARN_OBJC_IMPLICIT_RETAIN_SELF = YES;
				CLANG_WARN_OBJC_LITERAL_CONVERSION = YES;
				CLANG_WARN_OBJC_ROOT_CLASS = YES_ERROR;
				CLANG_WARN_QUOTED_INCLUDE_IN_FRAMEWORK_HEADER = YES;
				CLANG_WARN_RANGE_LOOP_ANALYSIS = YES;
				CLANG_WARN_STRICT_PROTOTYPES = YES;
				CLANG_WARN_SUSPICIOUS_MOVE = YES;
				CLANG_WARN_UNGUARDED_AVAILABILITY = YES_AGGRESSIVE;
				CLANG_WARN_UNREACHABLE_CODE = YES;
				CLANG_WARN__DUPLICATE_METHOD_MATCH = YES;
				COPY_PHASE_STRIP = NO;
				DEBUG_INFORMATION_FORMAT = dwarf;
				ENABLE_STRICT_OBJC_MSGSEND = YES;
				ENABLE_TESTABILITY = YES;
				GCC_C_LANGUAGE_STANDARD = gnu11;
				GCC_DYNAMIC_NO_PIC = NO;
				GCC_NO_COMMON_BLOCKS = YES;
				GCC_OPTIMIZATION_LEVEL = 0;
				GCC_PREPROCESSOR_DEFINITIONS = (
					"DEBUG=1",
					"$(inherited)",
				);
				GCC_WARN_64_TO_32_BIT_CONVERSION = YES;
				GCC_WARN_ABOUT_RETURN_TYPE = YES_ERROR;
				GCC_WARN_UNDECLARED_SELECTOR = YES;
				GCC_WARN_UNINITIALIZED_AUTOS = YES_AGGRESSIVE;
				GCC_WARN_UNUSED_FUNCTION = YES;
				GCC_WARN_UNUSED_VARIABLE = YES;
				IPHONEOS_DEPLOYMENT_TARGET = 16.1;
				MTL_ENABLE_DEBUG_INFO = INCLUDE_SOURCE;
				MTL_FAST_MATH = YES;
				ONLY_ACTIVE_ARCH = YES;
				SDKROOT = iphoneos;
				SWIFT_ACTIVE_COMPILATION_CONDITIONS = DEBUG;
				SWIFT_OPTIMIZATION_LEVEL = "-Onone";
			};
			name = Debug;
		};
		5ACABD1E29AF8FED006D7A1B /* Release */ = {
			isa = XCBuildConfiguration;
			buildSettings = {
				ALWAYS_SEARCH_USER_PATHS = NO;
				CLANG_ANALYZER_NONNULL = YES;
				CLANG_ANALYZER_NUMBER_OBJECT_CONVERSION = YES_AGGRESSIVE;
				CLANG_CXX_LANGUAGE_STANDARD = "gnu++20";
				CLANG_ENABLE_MODULES = YES;
				CLANG_ENABLE_OBJC_ARC = YES;
				CLANG_ENABLE_OBJC_WEAK = YES;
				CLANG_WARN_BLOCK_CAPTURE_AUTORELEASING = YES;
				CLANG_WARN_BOOL_CONVERSION = YES;
				CLANG_WARN_COMMA = YES;
				CLANG_WARN_CONSTANT_CONVERSION = YES;
				CLANG_WARN_DEPRECATED_OBJC_IMPLEMENTATIONS = YES;
				CLANG_WARN_DIRECT_OBJC_ISA_USAGE = YES_ERROR;
				CLANG_WARN_DOCUMENTATION_COMMENTS = YES;
				CLANG_WARN_EMPTY_BODY = YES;
				CLANG_WARN_ENUM_CONVERSION = YES;
				CLANG_WARN_INFINITE_RECURSION = YES;
				CLANG_WARN_INT_CONVERSION = YES;
				CLANG_WARN_NON_LITERAL_NULL_CONVERSION = YES;
				CLANG_WARN_OBJC_IMPLICIT_RETAIN_SELF = YES;
				CLANG_WARN_OBJC_LITERAL_CONVERSION = YES;
				CLANG_WARN_OBJC_ROOT_CLASS = YES_ERROR;
				CLANG_WARN_QUOTED_INCLUDE_IN_FRAMEWORK_HEADER = YES;
				CLANG_WARN_RANGE_LOOP_ANALYSIS = YES;
				CLANG_WARN_STRICT_PROTOTYPES = YES;
				CLANG_WARN_SUSPICIOUS_MOVE = YES;
				CLANG_WARN_UNGUARDED_AVAILABILITY = YES_AGGRESSIVE;
				CLANG_WARN_UNREACHABLE_CODE = YES;
				CLANG_WARN__DUPLICATE_METHOD_MATCH = YES;
				COPY_PHASE_STRIP = NO;
				DEBUG_INFORMATION_FORMAT = "dwarf-with-dsym";
				ENABLE_NS_ASSERTIONS = NO;
				ENABLE_STRICT_OBJC_MSGSEND = YES;
				GCC_C_LANGUAGE_STANDARD = gnu11;
				GCC_NO_COMMON_BLOCKS = YES;
				GCC_WARN_64_TO_32_BIT_CONVERSION = YES;
				GCC_WARN_ABOUT_RETURN_TYPE = YES_ERROR;
				GCC_WARN_UNDECLARED_SELECTOR = YES;
				GCC_WARN_UNINITIALIZED_AUTOS = YES_AGGRESSIVE;
				GCC_WARN_UNUSED_FUNCTION = YES;
				GCC_WARN_UNUSED_VARIABLE = YES;
				IPHONEOS_DEPLOYMENT_TARGET = 16.1;
				MTL_ENABLE_DEBUG_INFO = NO;
				MTL_FAST_MATH = YES;
				SDKROOT = iphoneos;
				SWIFT_COMPILATION_MODE = wholemodule;
				SWIFT_OPTIMIZATION_LEVEL = "-O";
				VALIDATE_PRODUCT = YES;
			};
			name = Release;
		};
		5ACABD2029AF8FED006D7A1B /* Debug */ = {
			isa = XCBuildConfiguration;
			buildSettings = {
				ASSETCATALOG_COMPILER_APPICON_NAME = AppIcon;
				ASSETCATALOG_COMPILER_GLOBAL_ACCENT_COLOR_NAME = AccentColor;
				CODE_SIGN_STYLE = Automatic;
				CURRENT_PROJECT_VERSION = 1;
				DEVELOPMENT_ASSET_PATHS = "\"Crypto App/Preview Content\"";
				DEVELOPMENT_TEAM = NM9YBSUGNH;
				ENABLE_PREVIEWS = YES;
				GENERATE_INFOPLIST_FILE = YES;
				INFOPLIST_KEY_CFBundleDisplayName = "Crypto Tracker";
				INFOPLIST_KEY_UIApplicationSceneManifest_Generation = YES;
				INFOPLIST_KEY_UIApplicationSupportsIndirectInputEvents = YES;
				INFOPLIST_KEY_UILaunchStoryboardName = LaunchScreen.storyboard;
				INFOPLIST_KEY_UISupportedInterfaceOrientations = UIInterfaceOrientationPortrait;
				LD_RUNPATH_SEARCH_PATHS = (
					"$(inherited)",
					"@executable_path/Frameworks",
				);
				MARKETING_VERSION = 1.0;
				PRODUCT_BUNDLE_IDENTIFIER = "com.vinhht.Crypto-App";
				PRODUCT_NAME = "$(TARGET_NAME)";
				SWIFT_EMIT_LOC_STRINGS = YES;
				SWIFT_VERSION = 5.0;
				TARGETED_DEVICE_FAMILY = "1,2";
			};
			name = Debug;
		};
		5ACABD2129AF8FED006D7A1B /* Release */ = {
			isa = XCBuildConfiguration;
			buildSettings = {
				ASSETCATALOG_COMPILER_APPICON_NAME = AppIcon;
				ASSETCATALOG_COMPILER_GLOBAL_ACCENT_COLOR_NAME = AccentColor;
				CODE_SIGN_STYLE = Automatic;
				CURRENT_PROJECT_VERSION = 1;
				DEVELOPMENT_ASSET_PATHS = "\"Crypto App/Preview Content\"";
				DEVELOPMENT_TEAM = NM9YBSUGNH;
				ENABLE_PREVIEWS = YES;
				GENERATE_INFOPLIST_FILE = YES;
				INFOPLIST_KEY_CFBundleDisplayName = "Crypto Tracker";
				INFOPLIST_KEY_UIApplicationSceneManifest_Generation = YES;
				INFOPLIST_KEY_UIApplicationSupportsIndirectInputEvents = YES;
				INFOPLIST_KEY_UILaunchStoryboardName = LaunchScreen.storyboard;
				INFOPLIST_KEY_UISupportedInterfaceOrientations = UIInterfaceOrientationPortrait;
				LD_RUNPATH_SEARCH_PATHS = (
					"$(inherited)",
					"@executable_path/Frameworks",
				);
				MARKETING_VERSION = 1.0;
				PRODUCT_BUNDLE_IDENTIFIER = "com.vinhht.Crypto-App";
				PRODUCT_NAME = "$(TARGET_NAME)";
				SWIFT_EMIT_LOC_STRINGS = YES;
				SWIFT_VERSION = 5.0;
				TARGETED_DEVICE_FAMILY = "1,2";
			};
			name = Release;
		};
/* End XCBuildConfiguration section */

/* Begin XCConfigurationList section */
		5ACABD0C29AF8FEC006D7A1B /* Build configuration list for PBXProject "Crypto App" */ = {
			isa = XCConfigurationList;
			buildConfigurations = (
				5ACABD1D29AF8FED006D7A1B /* Debug */,
				5ACABD1E29AF8FED006D7A1B /* Release */,
			);
			defaultConfigurationIsVisible = 0;
			defaultConfigurationName = Release;
		};
		5ACABD1F29AF8FED006D7A1B /* Build configuration list for PBXNativeTarget "Crypto App" */ = {
			isa = XCConfigurationList;
			buildConfigurations = (
				5ACABD2029AF8FED006D7A1B /* Debug */,
				5ACABD2129AF8FED006D7A1B /* Release */,
			);
			defaultConfigurationIsVisible = 0;
			defaultConfigurationName = Release;
		};
/* End XCConfigurationList section */

/* Begin XCVersionGroup section */
		5A317C0729B5F92200788F2D /* PortfolioContainer.xcdatamodeld */ = {
			isa = XCVersionGroup;
			children = (
				5A317C0829B5F92200788F2D /* PortfolioContainer.xcdatamodel */,
			);
			currentVersion = 5A317C0829B5F92200788F2D /* PortfolioContainer.xcdatamodel */;
			path = PortfolioContainer.xcdatamodeld;
			sourceTree = "<group>";
			versionGroupType = wrapper.xcdatamodel;
		};
/* End XCVersionGroup section */
	};
	rootObject = 5ACABD0929AF8FEC006D7A1B /* Project object */;
}
